// !$*UTF8*$!
{
	archiveVersion = 1;
	classes = {
	};
	objectVersion = 50;
	objects = {

/* Begin PBXBuildFile section */
		B81704AA240EC29800F0C5DD /* AppDelegate.swift in Sources */ = {isa = PBXBuildFile; fileRef = B81704A9240EC29800F0C5DD /* AppDelegate.swift */; };
		B81704AE240EC29800F0C5DD /* ViewController.swift in Sources */ = {isa = PBXBuildFile; fileRef = B81704AD240EC29800F0C5DD /* ViewController.swift */; };
		B81704B1240EC29800F0C5DD /* Main.storyboard in Resources */ = {isa = PBXBuildFile; fileRef = B81704AF240EC29800F0C5DD /* Main.storyboard */; };
		B81704B3240EC29900F0C5DD /* Assets.xcassets in Resources */ = {isa = PBXBuildFile; fileRef = B81704B2240EC29900F0C5DD /* Assets.xcassets */; };
		B81704B6240EC29900F0C5DD /* LaunchScreen.storyboard in Resources */ = {isa = PBXBuildFile; fileRef = B81704B4240EC29900F0C5DD /* LaunchScreen.storyboard */; };
		B8730EF624177F9200796676 /* Blob.swift in Sources */ = {isa = PBXBuildFile; fileRef = B8730EF524177F9200796676 /* Blob.swift */; };
		B8730EF824177FB600796676 /* Metaball.swift in Sources */ = {isa = PBXBuildFile; fileRef = B8730EF724177FB600796676 /* Metaball.swift */; };
		B8730EFA24177FEC00796676 /* CGPoint+Trigonometry.swift in Sources */ = {isa = PBXBuildFile; fileRef = B8730EF924177FEB00796676 /* CGPoint+Trigonometry.swift */; };
		B8730EFC2417801000796676 /* MetaballsView.swift in Sources */ = {isa = PBXBuildFile; fileRef = B8730EFB2417801000796676 /* MetaballsView.swift */; };
		B8A337C924291CD200F77B9F /* LayeredButton.swift in Sources */ = {isa = PBXBuildFile; fileRef = B8A337C824291CD200F77B9F /* LayeredButton.swift */; };
		B8C4201E2417A34E00435172 /* ConfigViewController.swift in Sources */ = {isa = PBXBuildFile; fileRef = B8C4201D2417A34E00435172 /* ConfigViewController.swift */; };
/* End PBXBuildFile section */

/* Begin PBXFileReference section */
		B81704A6240EC29800F0C5DD /* metaballs.app */ = {isa = PBXFileReference; explicitFileType = wrapper.application; includeInIndex = 0; path = metaballs.app; sourceTree = BUILT_PRODUCTS_DIR; };
		B81704A9240EC29800F0C5DD /* AppDelegate.swift */ = {isa = PBXFileReference; lastKnownFileType = sourcecode.swift; path = AppDelegate.swift; sourceTree = "<group>"; };
		B81704AD240EC29800F0C5DD /* ViewController.swift */ = {isa = PBXFileReference; lastKnownFileType = sourcecode.swift; path = ViewController.swift; sourceTree = "<group>"; };
		B81704B0240EC29800F0C5DD /* Base */ = {isa = PBXFileReference; lastKnownFileType = file.storyboard; name = Base; path = Base.lproj/Main.storyboard; sourceTree = "<group>"; };
		B81704B2240EC29900F0C5DD /* Assets.xcassets */ = {isa = PBXFileReference; lastKnownFileType = folder.assetcatalog; path = Assets.xcassets; sourceTree = "<group>"; };
		B81704B5240EC29900F0C5DD /* Base */ = {isa = PBXFileReference; lastKnownFileType = file.storyboard; name = Base; path = Base.lproj/LaunchScreen.storyboard; sourceTree = "<group>"; };
		B81704B7240EC29900F0C5DD /* Info.plist */ = {isa = PBXFileReference; lastKnownFileType = text.plist.xml; path = Info.plist; sourceTree = "<group>"; };
		B8730EF524177F9200796676 /* Blob.swift */ = {isa = PBXFileReference; lastKnownFileType = sourcecode.swift; path = Blob.swift; sourceTree = "<group>"; };
		B8730EF724177FB600796676 /* Metaball.swift */ = {isa = PBXFileReference; lastKnownFileType = sourcecode.swift; path = Metaball.swift; sourceTree = "<group>"; };
		B8730EF924177FEB00796676 /* CGPoint+Trigonometry.swift */ = {isa = PBXFileReference; lastKnownFileType = sourcecode.swift; path = "CGPoint+Trigonometry.swift"; sourceTree = "<group>"; };
		B8730EFB2417801000796676 /* MetaballsView.swift */ = {isa = PBXFileReference; lastKnownFileType = sourcecode.swift; path = MetaballsView.swift; sourceTree = "<group>"; };
		B8A337C824291CD200F77B9F /* LayeredButton.swift */ = {isa = PBXFileReference; lastKnownFileType = sourcecode.swift; path = LayeredButton.swift; sourceTree = "<group>"; };
		B8C4201D2417A34E00435172 /* ConfigViewController.swift */ = {isa = PBXFileReference; lastKnownFileType = sourcecode.swift; path = ConfigViewController.swift; sourceTree = "<group>"; };
/* End PBXFileReference section */

/* Begin PBXFrameworksBuildPhase section */
		B81704A3240EC29800F0C5DD /* Frameworks */ = {
			isa = PBXFrameworksBuildPhase;
			buildActionMask = 2147483647;
			files = (
			);
			runOnlyForDeploymentPostprocessing = 0;
		};
/* End PBXFrameworksBuildPhase section */

/* Begin PBXGroup section */
		B817049D240EC29800F0C5DD = {
			isa = PBXGroup;
			children = (
				B81704A8240EC29800F0C5DD /* metaballs */,
				B81704A7240EC29800F0C5DD /* Products */,
			);
			sourceTree = "<group>";
		};
		B81704A7240EC29800F0C5DD /* Products */ = {
			isa = PBXGroup;
			children = (
				B81704A6240EC29800F0C5DD /* metaballs.app */,
			);
			name = Products;
			sourceTree = "<group>";
		};
		B81704A8240EC29800F0C5DD /* metaballs */ = {
			isa = PBXGroup;
			children = (
				B81704A9240EC29800F0C5DD /* AppDelegate.swift */,
				B8C4201D2417A34E00435172 /* ConfigViewController.swift */,
				B81704B7240EC29900F0C5DD /* Info.plist */,
				B8A337C824291CD200F77B9F /* LayeredButton.swift */,
				B81704AF240EC29800F0C5DD /* Main.storyboard */,
				B8730EF424177F8800796676 /* MetaballsView */,
				B8A337CB24291D3600F77B9F /* Resources */,
				B81704AD240EC29800F0C5DD /* ViewController.swift */,
			);
			path = metaballs;
			sourceTree = "<group>";
		};
		B8730EF424177F8800796676 /* MetaballsView */ = {
			isa = PBXGroup;
			children = (
				B8730EF524177F9200796676 /* Blob.swift */,
				B8730EF924177FEB00796676 /* CGPoint+Trigonometry.swift */,
				B8730EF724177FB600796676 /* Metaball.swift */,
				B8730EFB2417801000796676 /* MetaballsView.swift */,
			);
			path = MetaballsView;
			sourceTree = "<group>";
		};
		B8A337CB24291D3600F77B9F /* Resources */ = {
			isa = PBXGroup;
			children = (
				B81704B4240EC29900F0C5DD /* LaunchScreen.storyboard */,
				B81704B2240EC29900F0C5DD /* Assets.xcassets */,
			);
			path = Resources;
			sourceTree = "<group>";
		};
/* End PBXGroup section */

/* Begin PBXNativeTarget section */
		B81704A5240EC29800F0C5DD /* metaballs */ = {
			isa = PBXNativeTarget;
			buildConfigurationList = B81704BA240EC29900F0C5DD /* Build configuration list for PBXNativeTarget "metaballs" */;
			buildPhases = (
				B81704A2240EC29800F0C5DD /* Sources */,
				B81704A3240EC29800F0C5DD /* Frameworks */,
				B81704A4240EC29800F0C5DD /* Resources */,
				B8191014242B9B230065FA3D /* swiftlint */,
			);
			buildRules = (
			);
			dependencies = (
			);
			name = metaballs;
			productName = metaballs;
			productReference = B81704A6240EC29800F0C5DD /* metaballs.app */;
			productType = "com.apple.product-type.application";
		};
/* End PBXNativeTarget section */

/* Begin PBXProject section */
		B817049E240EC29800F0C5DD /* Project object */ = {
			isa = PBXProject;
			attributes = {
				LastSwiftUpdateCheck = 1130;
				LastUpgradeCheck = 1130;
				ORGANIZATIONNAME = "Roman Kyrylenko";
				TargetAttributes = {
					B81704A5240EC29800F0C5DD = {
						CreatedOnToolsVersion = 11.3.1;
					};
				};
			};
			buildConfigurationList = B81704A1240EC29800F0C5DD /* Build configuration list for PBXProject "metaballs" */;
			compatibilityVersion = "Xcode 9.3";
			developmentRegion = en;
			hasScannedForEncodings = 0;
			knownRegions = (
				en,
				Base,
			);
			mainGroup = B817049D240EC29800F0C5DD;
			productRefGroup = B81704A7240EC29800F0C5DD /* Products */;
			projectDirPath = "";
			projectRoot = "";
			targets = (
				B81704A5240EC29800F0C5DD /* metaballs */,
			);
		};
/* End PBXProject section */

/* Begin PBXResourcesBuildPhase section */
		B81704A4240EC29800F0C5DD /* Resources */ = {
			isa = PBXResourcesBuildPhase;
			buildActionMask = 2147483647;
			files = (
				B81704B6240EC29900F0C5DD /* LaunchScreen.storyboard in Resources */,
				B81704B3240EC29900F0C5DD /* Assets.xcassets in Resources */,
				B81704B1240EC29800F0C5DD /* Main.storyboard in Resources */,
			);
			runOnlyForDeploymentPostprocessing = 0;
		};
/* End PBXResourcesBuildPhase section */

/* Begin PBXShellScriptBuildPhase section */
		B8191014242B9B230065FA3D /* swiftlint */ = {
			isa = PBXShellScriptBuildPhase;
			buildActionMask = 2147483647;
			files = (
			);
			inputFileListPaths = (
			);
			inputPaths = (
			);
			name = swiftlint;
			outputFileListPaths = (
			);
			outputPaths = (
			);
			runOnlyForDeploymentPostprocessing = 0;
			shellPath = /bin/sh;
			shellScript = "if [ \"${PODS_ROOT+x}\" ] && [ -x \"${PODS_ROOT}/SwiftLint/swiftlint\" ]; then\n  ${PODS_ROOT}/SwiftLint/swiftlint\nelif which swiftlint >/dev/null; then\n  swiftlint\nelse\n  echo \"warning: SwiftLint not installed, download from https://github.com/realm/SwiftLint\"\nfi\n";
		};
/* End PBXShellScriptBuildPhase section */

/* Begin PBXSourcesBuildPhase section */
		B81704A2240EC29800F0C5DD /* Sources */ = {
			isa = PBXSourcesBuildPhase;
			buildActionMask = 2147483647;
			files = (
				B8730EFC2417801000796676 /* MetaballsView.swift in Sources */,
				B8730EF624177F9200796676 /* Blob.swift in Sources */,
				B81704AE240EC29800F0C5DD /* ViewController.swift in Sources */,
				B81704AA240EC29800F0C5DD /* AppDelegate.swift in Sources */,
				B8C4201E2417A34E00435172 /* ConfigViewController.swift in Sources */,
				B8730EF824177FB600796676 /* Metaball.swift in Sources */,
				B8730EFA24177FEC00796676 /* CGPoint+Trigonometry.swift in Sources */,
				B8A337C924291CD200F77B9F /* LayeredButton.swift in Sources */,
			);
			runOnlyForDeploymentPostprocessing = 0;
		};
/* End PBXSourcesBuildPhase section */

/* Begin PBXVariantGroup section */
		B81704AF240EC29800F0C5DD /* Main.storyboard */ = {
			isa = PBXVariantGroup;
			children = (
				B81704B0240EC29800F0C5DD /* Base */,
			);
			name = Main.storyboard;
			sourceTree = "<group>";
		};
		B81704B4240EC29900F0C5DD /* LaunchScreen.storyboard */ = {
			isa = PBXVariantGroup;
			children = (
				B81704B5240EC29900F0C5DD /* Base */,
			);
			name = LaunchScreen.storyboard;
			sourceTree = "<group>";
		};
/* End PBXVariantGroup section */

/* Begin XCBuildConfiguration section */
		B81704B8240EC29900F0C5DD /* Debug */ = {
			isa = XCBuildConfiguration;
			buildSettings = {
				ALWAYS_SEARCH_USER_PATHS = NO;
				CLANG_ANALYZER_NONNULL = YES;
				CLANG_ANALYZER_NUMBER_OBJECT_CONVERSION = YES_AGGRESSIVE;
				CLANG_CXX_LANGUAGE_STANDARD = "gnu++14";
				CLANG_CXX_LIBRARY = "libc++";
				CLANG_ENABLE_MODULES = YES;
				CLANG_ENABLE_OBJC_ARC = YES;
				CLANG_ENABLE_OBJC_WEAK = YES;
				CLANG_WARN_BLOCK_CAPTURE_AUTORELEASING = YES;
				CLANG_WARN_BOOL_CONVERSION = YES;
				CLANG_WARN_COMMA = YES;
				CLANG_WARN_CONSTANT_CONVERSION = YES;
				CLANG_WARN_DEPRECATED_OBJC_IMPLEMENTATIONS = YES;
				CLANG_WARN_DIRECT_OBJC_ISA_USAGE = YES_ERROR;
				CLANG_WARN_DOCUMENTATION_COMMENTS = YES;
				CLANG_WARN_EMPTY_BODY = YES;
				CLANG_WARN_ENUM_CONVERSION = YES;
				CLANG_WARN_INFINITE_RECURSION = YES;
				CLANG_WARN_INT_CONVERSION = YES;
				CLANG_WARN_NON_LITERAL_NULL_CONVERSION = YES;
				CLANG_WARN_OBJC_IMPLICIT_RETAIN_SELF = YES;
				CLANG_WARN_OBJC_LITERAL_CONVERSION = YES;
				CLANG_WARN_OBJC_ROOT_CLASS = YES_ERROR;
				CLANG_WARN_RANGE_LOOP_ANALYSIS = YES;
				CLANG_WARN_STRICT_PROTOTYPES = YES;
				CLANG_WARN_SUSPICIOUS_MOVE = YES;
				CLANG_WARN_UNGUARDED_AVAILABILITY = YES_AGGRESSIVE;
				CLANG_WARN_UNREACHABLE_CODE = YES;
				CLANG_WARN__DUPLICATE_METHOD_MATCH = YES;
				COPY_PHASE_STRIP = NO;
				DEBUG_INFORMATION_FORMAT = dwarf;
				ENABLE_STRICT_OBJC_MSGSEND = YES;
				ENABLE_TESTABILITY = YES;
				GCC_C_LANGUAGE_STANDARD = gnu11;
				GCC_DYNAMIC_NO_PIC = NO;
				GCC_NO_COMMON_BLOCKS = YES;
				GCC_OPTIMIZATION_LEVEL = 0;
				GCC_PREPROCESSOR_DEFINITIONS = (
					"DEBUG=1",
					"$(inherited)",
				);
				GCC_WARN_64_TO_32_BIT_CONVERSION = YES;
				GCC_WARN_ABOUT_RETURN_TYPE = YES_ERROR;
				GCC_WARN_UNDECLARED_SELECTOR = YES;
				GCC_WARN_UNINITIALIZED_AUTOS = YES_AGGRESSIVE;
				GCC_WARN_UNUSED_FUNCTION = YES;
				GCC_WARN_UNUSED_VARIABLE = YES;
				IPHONEOS_DEPLOYMENT_TARGET = 13.2;
				MTL_ENABLE_DEBUG_INFO = INCLUDE_SOURCE;
				MTL_FAST_MATH = YES;
				ONLY_ACTIVE_ARCH = YES;
				SDKROOT = iphoneos;
				SWIFT_ACTIVE_COMPILATION_CONDITIONS = DEBUG;
				SWIFT_OPTIMIZATION_LEVEL = "-Onone";
			};
			name = Debug;
		};
		B81704B9240EC29900F0C5DD /* Release */ = {
			isa = XCBuildConfiguration;
			buildSettings = {
				ALWAYS_SEARCH_USER_PATHS = NO;
				CLANG_ANALYZER_NONNULL = YES;
				CLANG_ANALYZER_NUMBER_OBJECT_CONVERSION = YES_AGGRESSIVE;
				CLANG_CXX_LANGUAGE_STANDARD = "gnu++14";
				CLANG_CXX_LIBRARY = "libc++";
				CLANG_ENABLE_MODULES = YES;
				CLANG_ENABLE_OBJC_ARC = YES;
				CLANG_ENABLE_OBJC_WEAK = YES;
				CLANG_WARN_BLOCK_CAPTURE_AUTORELEASING = YES;
				CLANG_WARN_BOOL_CONVERSION = YES;
				CLANG_WARN_COMMA = YES;
				CLANG_WARN_CONSTANT_CONVERSION = YES;
				CLANG_WARN_DEPRECATED_OBJC_IMPLEMENTATIONS = YES;
				CLANG_WARN_DIRECT_OBJC_ISA_USAGE = YES_ERROR;
				CLANG_WARN_DOCUMENTATION_COMMENTS = YES;
				CLANG_WARN_EMPTY_BODY = YES;
				CLANG_WARN_ENUM_CONVERSION = YES;
				CLANG_WARN_INFINITE_RECURSION = YES;
				CLANG_WARN_INT_CONVERSION = YES;
				CLANG_WARN_NON_LITERAL_NULL_CONVERSION = YES;
				CLANG_WARN_OBJC_IMPLICIT_RETAIN_SELF = YES;
				CLANG_WARN_OBJC_LITERAL_CONVERSION = YES;
				CLANG_WARN_OBJC_ROOT_CLASS = YES_ERROR;
				CLANG_WARN_RANGE_LOOP_ANALYSIS = YES;
				CLANG_WARN_STRICT_PROTOTYPES = YES;
				CLANG_WARN_SUSPICIOUS_MOVE = YES;
				CLANG_WARN_UNGUARDED_AVAILABILITY = YES_AGGRESSIVE;
				CLANG_WARN_UNREACHABLE_CODE = YES;
				CLANG_WARN__DUPLICATE_METHOD_MATCH = YES;
				COPY_PHASE_STRIP = NO;
				DEBUG_INFORMATION_FORMAT = "dwarf-with-dsym";
				ENABLE_NS_ASSERTIONS = NO;
				ENABLE_STRICT_OBJC_MSGSEND = YES;
				GCC_C_LANGUAGE_STANDARD = gnu11;
				GCC_NO_COMMON_BLOCKS = YES;
				GCC_WARN_64_TO_32_BIT_CONVERSION = YES;
				GCC_WARN_ABOUT_RETURN_TYPE = YES_ERROR;
				GCC_WARN_UNDECLARED_SELECTOR = YES;
				GCC_WARN_UNINITIALIZED_AUTOS = YES_AGGRESSIVE;
				GCC_WARN_UNUSED_FUNCTION = YES;
				GCC_WARN_UNUSED_VARIABLE = YES;
				IPHONEOS_DEPLOYMENT_TARGET = 13.2;
				MTL_ENABLE_DEBUG_INFO = NO;
				MTL_FAST_MATH = YES;
				SDKROOT = iphoneos;
				SWIFT_COMPILATION_MODE = wholemodule;
				SWIFT_OPTIMIZATION_LEVEL = "-O";
				VALIDATE_PRODUCT = YES;
			};
			name = Release;
		};
		B81704BB240EC29900F0C5DD /* Debug */ = {
			isa = XCBuildConfiguration;
			buildSettings = {
				ASSETCATALOG_COMPILER_APPICON_NAME = AppIcon;
				CODE_SIGN_STYLE = Automatic;
				DEVELOPMENT_TEAM = YDKT2YXVNA;
				INFOPLIST_FILE = metaballs/Info.plist;
				IPHONEOS_DEPLOYMENT_TARGET = 13.0;
				LD_RUNPATH_SEARCH_PATHS = (
					"$(inherited)",
					"@executable_path/Frameworks",
				);
				PRODUCT_BUNDLE_IDENTIFIER = com.pr0ctopus.metaballs;
				PRODUCT_NAME = "$(TARGET_NAME)";
				SWIFT_VERSION = 5.0;
				TARGETED_DEVICE_FAMILY = "1,2";
			};
			name = Debug;
		};
		B81704BC240EC29900F0C5DD /* Release */ = {
			isa = XCBuildConfiguration;
			buildSettings = {
				ASSETCATALOG_COMPILER_APPICON_NAME = AppIcon;
				CODE_SIGN_STYLE = Automatic;
				DEVELOPMENT_TEAM = YDKT2YXVNA;
				INFOPLIST_FILE = metaballs/Info.plist;
				IPHONEOS_DEPLOYMENT_TARGET = 13.0;
				LD_RUNPATH_SEARCH_PATHS = (
					"$(inherited)",
					"@executable_path/Frameworks",
				);
				PRODUCT_BUNDLE_IDENTIFIER = com.pr0ctopus.metaballs;
				PRODUCT_NAME = "$(TARGET_NAME)";
				SWIFT_VERSION = 5.0;
				TARGETED_DEVICE_FAMILY = "1,2";
			};
			name = Release;
		};
/* End XCBuildConfiguration section */

/* Begin XCConfigurationList section */
		B81704A1240EC29800F0C5DD /* Build configuration list for PBXProject "metaballs" */ = {
			isa = XCConfigurationList;
			buildConfigurations = (
				B81704B8240EC29900F0C5DD /* Debug */,
				B81704B9240EC29900F0C5DD /* Release */,
			);
			defaultConfigurationIsVisible = 0;
			defaultConfigurationName = Release;
		};
		B81704BA240EC29900F0C5DD /* Build configuration list for PBXNativeTarget "metaballs" */ = {
			isa = XCConfigurationList;
			buildConfigurations = (
				B81704BB240EC29900F0C5DD /* Debug */,
				B81704BC240EC29900F0C5DD /* Release */,
			);
			defaultConfigurationIsVisible = 0;
			defaultConfigurationName = Release;
		};
/* End XCConfigurationList section */
	};
	rootObject = B817049E240EC29800F0C5DD /* Project object */;
}
